
Microsoft Visual Studio Solution File, Format Version 12.00
# Visual Studio 2013
VisualStudioVersion = 12.0.31101.0
MinimumVisualStudioVersion = 10.0.40219.1
Project("{FAE04EC0-301F-11D3-BF4B-00C04F79EFBC}") = "ClientDecisionService", "DecisionSample\ClientDecisionService.csproj", "{140FCD6F-077F-432D-A9E4-0D63B5DACD93}"
EndProject
Project("{8BC9CEB8-8B4A-11D0-8D11-00A0C91BC942}") = "explore_clr", "explore\clr\explore_clr.vcxproj", "{8400DA16-1F46-4A31-A126-BBE16F62BFD7}"
EndProject
Project("{8BC9CEB8-8B4A-11D0-8D11-00A0C91BC942}") = "explore_static", "explore\static\explore_static.vcxproj", "{ACE47E98-488C-4CDF-B9F1-36337B2855AD}"
EndProject
Project("{FAE04EC0-301F-11D3-BF4B-00C04F79EFBC}") = "DecisionServiceTest", "DecisionServiceTest\DecisionServiceTest.csproj", "{8C5A34B2-FD5F-4D3C-888C-674DE232967E}"
EndProject
Project("{F088123C-0E9E-452A-89E6-6BA2F21D5CAC}") = "Modeling", "Modeling\Modeling.modelproj", "{66C11AA5-FC0C-419B-9174-C4757CF68CCA}"
EndProject
Global
	GlobalSection(SolutionConfigurationPlatforms) = preSolution
		Debug|x64 = Debug|x64
		Debug|x86 = Debug|x86
		Release|x64 = Release|x64
		Release|x86 = Release|x86
		Test|x64 = Test|x64
		Test|x86 = Test|x86
	EndGlobalSection
	GlobalSection(ProjectConfigurationPlatforms) = postSolution
		{140FCD6F-077F-432D-A9E4-0D63B5DACD93}.Debug|x64.ActiveCfg = Debug|x64
		{140FCD6F-077F-432D-A9E4-0D63B5DACD93}.Debug|x64.Build.0 = Debug|x64
		{140FCD6F-077F-432D-A9E4-0D63B5DACD93}.Debug|x86.ActiveCfg = Debug|x86
		{140FCD6F-077F-432D-A9E4-0D63B5DACD93}.Debug|x86.Build.0 = Debug|x86
		{140FCD6F-077F-432D-A9E4-0D63B5DACD93}.Release|x64.ActiveCfg = Release|x64
		{140FCD6F-077F-432D-A9E4-0D63B5DACD93}.Release|x64.Build.0 = Release|x64
		{140FCD6F-077F-432D-A9E4-0D63B5DACD93}.Release|x86.ActiveCfg = Release|x86
		{140FCD6F-077F-432D-A9E4-0D63B5DACD93}.Release|x86.Build.0 = Release|x86
		{140FCD6F-077F-432D-A9E4-0D63B5DACD93}.Test|x64.ActiveCfg = Test|x64
		{140FCD6F-077F-432D-A9E4-0D63B5DACD93}.Test|x64.Build.0 = Test|x64
		{140FCD6F-077F-432D-A9E4-0D63B5DACD93}.Test|x86.ActiveCfg = Test|x86
		{140FCD6F-077F-432D-A9E4-0D63B5DACD93}.Test|x86.Build.0 = Test|x86
		{8400DA16-1F46-4A31-A126-BBE16F62BFD7}.Debug|x64.ActiveCfg = Debug|x64
		{8400DA16-1F46-4A31-A126-BBE16F62BFD7}.Debug|x64.Build.0 = Debug|x64
		{8400DA16-1F46-4A31-A126-BBE16F62BFD7}.Debug|x86.ActiveCfg = Debug|Win32
		{8400DA16-1F46-4A31-A126-BBE16F62BFD7}.Debug|x86.Build.0 = Debug|Win32
		{8400DA16-1F46-4A31-A126-BBE16F62BFD7}.Release|x64.ActiveCfg = Release|x64
		{8400DA16-1F46-4A31-A126-BBE16F62BFD7}.Release|x64.Build.0 = Release|x64
		{8400DA16-1F46-4A31-A126-BBE16F62BFD7}.Release|x86.ActiveCfg = Release|Win32
		{8400DA16-1F46-4A31-A126-BBE16F62BFD7}.Release|x86.Build.0 = Release|Win32
		{8400DA16-1F46-4A31-A126-BBE16F62BFD7}.Test|x64.ActiveCfg = Debug|x64
		{8400DA16-1F46-4A31-A126-BBE16F62BFD7}.Test|x64.Build.0 = Debug|x64
		{8400DA16-1F46-4A31-A126-BBE16F62BFD7}.Test|x86.ActiveCfg = Debug|Win32
		{8400DA16-1F46-4A31-A126-BBE16F62BFD7}.Test|x86.Build.0 = Debug|Win32
		{ACE47E98-488C-4CDF-B9F1-36337B2855AD}.Debug|x64.ActiveCfg = Debug|x64
		{ACE47E98-488C-4CDF-B9F1-36337B2855AD}.Debug|x64.Build.0 = Debug|x64
		{ACE47E98-488C-4CDF-B9F1-36337B2855AD}.Debug|x86.ActiveCfg = Debug|Win32
		{ACE47E98-488C-4CDF-B9F1-36337B2855AD}.Debug|x86.Build.0 = Debug|Win32
		{ACE47E98-488C-4CDF-B9F1-36337B2855AD}.Release|x64.ActiveCfg = Release|x64
		{ACE47E98-488C-4CDF-B9F1-36337B2855AD}.Release|x64.Build.0 = Release|x64
		{ACE47E98-488C-4CDF-B9F1-36337B2855AD}.Release|x86.ActiveCfg = Release|Win32
		{ACE47E98-488C-4CDF-B9F1-36337B2855AD}.Release|x86.Build.0 = Release|Win32
		{ACE47E98-488C-4CDF-B9F1-36337B2855AD}.Test|x64.ActiveCfg = Debug|x64
		{ACE47E98-488C-4CDF-B9F1-36337B2855AD}.Test|x64.Build.0 = Debug|x64
		{ACE47E98-488C-4CDF-B9F1-36337B2855AD}.Test|x86.ActiveCfg = Debug|Win32
		{ACE47E98-488C-4CDF-B9F1-36337B2855AD}.Test|x86.Build.0 = Debug|Win32
		{8C5A34B2-FD5F-4D3C-888C-674DE232967E}.Debug|x64.ActiveCfg = Debug|x64
		{8C5A34B2-FD5F-4D3C-888C-674DE232967E}.Debug|x64.Build.0 = Debug|x64
		{8C5A34B2-FD5F-4D3C-888C-674DE232967E}.Debug|x86.ActiveCfg = Debug|x86
		{8C5A34B2-FD5F-4D3C-888C-674DE232967E}.Debug|x86.Build.0 = Debug|x86
		{8C5A34B2-FD5F-4D3C-888C-674DE232967E}.Release|x64.ActiveCfg = Release|x64
		{8C5A34B2-FD5F-4D3C-888C-674DE232967E}.Release|x64.Build.0 = Release|x64
		{8C5A34B2-FD5F-4D3C-888C-674DE232967E}.Release|x86.ActiveCfg = Release|x86
		{8C5A34B2-FD5F-4D3C-888C-674DE232967E}.Release|x86.Build.0 = Release|x86
		{8C5A34B2-FD5F-4D3C-888C-674DE232967E}.Test|x64.ActiveCfg = Debug|x64
		{8C5A34B2-FD5F-4D3C-888C-674DE232967E}.Test|x64.Build.0 = Debug|x64
		{8C5A34B2-FD5F-4D3C-888C-674DE232967E}.Test|x86.ActiveCfg = Debug|x86
		{8C5A34B2-FD5F-4D3C-888C-674DE232967E}.Test|x86.Build.0 = Debug|x86
		{66C11AA5-FC0C-419B-9174-C4757CF68CCA}.Debug|x64.ActiveCfg = Debug|Any CPU
		{66C11AA5-FC0C-419B-9174-C4757CF68CCA}.Debug|x86.ActiveCfg = Debug|Any CPU
		{66C11AA5-FC0C-419B-9174-C4757CF68CCA}.Release|x64.ActiveCfg = Release|Any CPU
		{66C11AA5-FC0C-419B-9174-C4757CF68CCA}.Release|x86.ActiveCfg = Release|Any CPU
		{66C11AA5-FC0C-419B-9174-C4757CF68CCA}.Test|x64.ActiveCfg = Release|Any CPU
		{66C11AA5-FC0C-419B-9174-C4757CF68CCA}.Test|x86.ActiveCfg = Release|Any CPU
	EndGlobalSection
	GlobalSection(SolutionProperties) = preSolution
		HideSolutionNode = FALSE
	EndGlobalSection
EndGlobal
